
Microsoft Visual Studio Solution File, Format Version 12.00
# Visual Studio Version 16
VisualStudioVersion = 16.0.31205.134
MinimumVisualStudioVersion = 10.0.40219.1
Project("{FAE04EC0-301F-11D3-BF4B-00C04F79EFBC}") = "ERPSchoolManagementWeb", "ERPSchoolManagementWeb\ERPSchoolManagementWeb.csproj", "{84A30C50-4810-45DF-84A0-A8A0A2DEEC00}"
EndProject
Global
	GlobalSection(SolutionConfigurationPlatforms) = preSolution
		Debug|Any CPU = Debug|Any CPU
		Release|Any CPU = Release|Any CPU
	EndGlobalSection
	GlobalSection(ProjectConfigurationPlatforms) = postSolution
		{84A30C50-4810-45DF-84A0-A8A0A2DEEC00}.Debug|Any CPU.ActiveCfg = Debug|Any CPU
		{84A30C50-4810-45DF-84A0-A8A0A2DEEC00}.Debug|Any CPU.Build.0 = Debug|Any CPU
		{84A30C50-4810-45DF-84A0-A8A0A2DEEC00}.Release|Any CPU.ActiveCfg = Release|Any CPU
		{84A30C50-4810-45DF-84A0-A8A0A2DEEC00}.Release|Any CPU.Build.0 = Release|Any CPU
	EndGlobalSection
	GlobalSection(SolutionProperties) = preSolution
		HideSolutionNode = FALSE
	EndGlobalSection
	GlobalSection(ExtensibilityGlobals) = postSolution
		SolutionGuid = {D0B38982-1ED7-434A-8D40-FB577B5F3CFA}
	EndGlobalSection
EndGlobal
